
Microsoft Visual Studio Solution File, Format Version 12.00
# Visual Studio Version 17
VisualStudioVersion = 17.1.32228.430
MinimumVisualStudioVersion = 10.0.40219.1
Project("{FAE04EC0-301F-11D3-BF4B-00C04F79EFBC}") = "SimpleCalc", "SimpleCalc\SimpleCalc.csproj", "{AC52BFE6-6A7B-4B56-BF13-D46249471967}"
EndProject
Global
	GlobalSection(SolutionConfigurationPlatforms) = preSolution
		Debug|Any CPU = Debug|Any CPU
		Release|Any CPU = Release|Any CPU
	EndGlobalSection
	GlobalSection(ProjectConfigurationPlatforms) = postSolution
		{AC52BFE6-6A7B-4B56-BF13-D46249471967}.Debug|Any CPU.ActiveCfg = Debug|Any CPU
		{AC52BFE6-6A7B-4B56-BF13-D46249471967}.Debug|Any CPU.Build.0 = Debug|Any CPU
		{AC52BFE6-6A7B-4B56-BF13-D46249471967}.Release|Any CPU.ActiveCfg = Release|Any CPU
		{AC52BFE6-6A7B-4B56-BF13-D46249471967}.Release|Any CPU.Build.0 = Release|Any CPU
	EndGlobalSection
	GlobalSection(SolutionProperties) = preSolution
		HideSolutionNode = FALSE
	EndGlobalSection
	GlobalSection(ExtensibilityGlobals) = postSolution
		SolutionGuid = {14995976-7A41-45CA-B3C8-8DED9FC618B0}
	EndGlobalSection
EndGlobal
